dependencies:
- name: postgresql
  repository: https://charts.bitnami.com/bitnami
  version: 12.5.2
- name: redis
  repository: https://charts.bitnami.com/bitnami
  version: 17.11.3
digest: sha256:d5baeadab82d54af298b28e346d6991daa44fb114d038a146704fe527382db18
generated: "2023-05-22T01:50:28.16735236+05:30"
